{
  "lockfile_version": "1",
  "packages": {
    "flyctl@latest": {
      "last_modified": "2024-02-05T02:15:44Z",
      "resolved": "github:NixOS/nixpkgs/0a254180b4cad6be45aa46dce896bdb8db5d2930#flyctl",
      "source": "devbox-search",
      "version": "0.1.147",
      "systems": {
        "aarch64-darwin": {
          "store_path": "/nix/store/r2nqhmbcmijhcc1saz41hcxz8rr4b41x-flyctl-0.1.147"
        },
        "aarch64-linux": {
          "store_path": "/nix/store/04xazp0avkk26zyf50prl1mskflfpb86-flyctl-0.1.147"
        },
        "x86_64-darwin": {
          "store_path": "/nix/store/4zbndlj7m4wy834qppl2rir9fcwrzji4-flyctl-0.1.147"
        },
        "x86_64-linux": {
          "store_path": "/nix/store/8cfzmq9dka6vaah9j2lpdpbkpm4q0i4m-flyctl-0.1.147"
        }
      }
    },
    "go@1.22": {
      "last_modified": "2024-05-22T06:18:38Z",
      "resolved": "github:NixOS/nixpkgs/3f316d2a50699a78afe5e77ca486ad553169061e#go",
      "source": "devbox-search",
      "version": "1.22.3",
      "systems": {
        "aarch64-darwin": {
          "outputs": [
            {
              "name": "out",
              "path": "/nix/store/i04a1a6qgxhjw6c0ld2b3x1v815sbxjc-go-1.22.3",
              "default": true
            }
          ],
          "store_path": "/nix/store/i04a1a6qgxhjw6c0ld2b3x1v815sbxjc-go-1.22.3"
        },
        "aarch64-linux": {
          "outputs": [
            {
              "name": "out",
              "path": "/nix/store/d68f2iblysnl0r4qcfdacmdpmvvy86kf-go-1.22.3",
              "default": true
            }
          ],
          "store_path": "/nix/store/d68f2iblysnl0r4qcfdacmdpmvvy86kf-go-1.22.3"
        },
        "x86_64-darwin": {
          "outputs": [
            {
              "name": "out",
              "path": "/nix/store/1p6vr83cgyfwm8517jhfmf6lypzhy3q2-go-1.22.3",
              "default": true
            }
          ],
          "store_path": "/nix/store/1p6vr83cgyfwm8517jhfmf6lypzhy3q2-go-1.22.3"
        },
        "x86_64-linux": {
          "outputs": [
            {
              "name": "out",
              "path": "/nix/store/00mg4vlhzmm7gi9bd5v5ydjlgrywpc3n-go-1.22.3",
              "default": true
            }
          ],
          "store_path": "/nix/store/00mg4vlhzmm7gi9bd5v5ydjlgrywpc3n-go-1.22.3"
        }
      }
    },
    "just@latest": {
      "last_modified": "2024-01-27T14:55:31Z",
      "resolved": "github:NixOS/nixpkgs/160b762eda6d139ac10ae081f8f78d640dd523eb#just",
      "source": "devbox-search",
      "version": "1.23.0",
      "systems": {
        "aarch64-darwin": {
          "store_path": "/nix/store/m0dld3v8mvy239l4511rd9hplf9pdah1-just-1.23.0"
        },
        "aarch64-linux": {
          "store_path": "/nix/store/qrvgfwgnhw1dpvh2ddnlgzl0anjnad6p-just-1.23.0"
        },
        "x86_64-darwin": {
          "store_path": "/nix/store/dfx64ghpdm3q399yvfz066c6dr7sj4jb-just-1.23.0"
        },
        "x86_64-linux": {
          "store_path": "/nix/store/ilqsfl0qy0mr94h7da1qd20j3mpc77gz-just-1.23.0"
        }
      }
    },
    "nodePackages.npm@latest": {
      "last_modified": "2024-02-15T12:53:33Z",
      "resolved": "github:NixOS/nixpkgs/085589047343aad800c4d305cf7b98e8a3d51ae2#nodePackages.npm",
      "source": "devbox-search",
      "version": "10.4.0",
      "systems": {
        "aarch64-linux": {
          "store_path": "/nix/store/06ywqfygg4xc4rwvp40ksrrvsspnpxyl-npm-10.4.0"
        },
        "x86_64-linux": {
          "store_path": "/nix/store/p5hi9rp2qhhfw2ih4wgb1waplmwrkjqc-npm-10.4.0"
        }
      }
    },
    "sqlite-web@latest": {
      "last_modified": "2024-02-10T18:15:24Z",
      "resolved": "github:NixOS/nixpkgs/10b813040df67c4039086db0f6eaf65c536886c6#sqlite-web",
      "source": "devbox-search",
      "version": "0.6.2",
      "systems": {
        "aarch64-darwin": {
          "store_path": "/nix/store/klkx4fv3al5dgg59w3xv0brnn28gmpkh-sqlite-web-0.6.2"
        },
        "aarch64-linux": {
          "store_path": "/nix/store/liqjqlnwc111g2j1mxak0z6b0cbvn46i-sqlite-web-0.6.2"
        },
        "x86_64-darwin": {
          "store_path": "/nix/store/ip9c99c0r4avyxl68x1cxpn6649pff4j-sqlite-web-0.6.2"
        },
        "x86_64-linux": {
          "store_path": "/nix/store/lfwrqdx8jjpqhzxhcfjnm82ll4a2jzhv-sqlite-web-0.6.2"
        }
      }
    },
    "sqlite@latest": {
      "last_modified": "2024-02-20T22:56:03Z",
      "resolved": "github:NixOS/nixpkgs/5eeded8e3518579daa13887297efa79f5be74b41#sqlite",
      "source": "devbox-search",
      "version": "3.45.1",
      "systems": {
        "aarch64-darwin": {
          "store_path": "/nix/store/ay9wvqp3p548p08symcy3q7avm86ck00-sqlite-3.45.1-bin"
        },
        "aarch64-linux": {
          "store_path": "/nix/store/1j3xiiq0i2q69nmwi9ja99grnwlpqzgy-sqlite-3.45.1-bin"
        },
        "x86_64-darwin": {
          "store_path": "/nix/store/c9wndvymfnm4dcmi0bgy1lmljzx8dv4n-sqlite-3.45.1-bin"
        },
        "x86_64-linux": {
          "store_path": "/nix/store/b3pbwqqpfllg2lxwhhv4iyw3m9xxbgld-sqlite-3.45.1-bin"
        }
      }
    },
    "tailwindcss@latest": {
      "last_modified": "2024-05-22T06:18:38Z",
      "resolved": "github:NixOS/nixpkgs/3f316d2a50699a78afe5e77ca486ad553169061e#tailwindcss",
      "source": "devbox-search",
      "version": "3.4.3",
      "systems": {
        "aarch64-darwin": {
          "outputs": [
            {
              "name": "out",
              "path": "/nix/store/blgry0r33h4z1ni0rp32dn3v4v8gq31y-tailwindcss-3.4.3",
              "default": true
            }
          ],
          "store_path": "/nix/store/blgry0r33h4z1ni0rp32dn3v4v8gq31y-tailwindcss-3.4.3"
        },
        "aarch64-linux": {
          "outputs": [
            {
              "name": "out",
              "path": "/nix/store/i219ijmzwfg08wabhxbwfcm72nafa0sl-tailwindcss-3.4.3",
              "default": true
            }
          ],
          "store_path": "/nix/store/i219ijmzwfg08wabhxbwfcm72nafa0sl-tailwindcss-3.4.3"
        },
        "x86_64-darwin": {
          "outputs": [
            {
              "name": "out",
              "path": "/nix/store/f1p0blc3mhqkc38637mxnxmckdbmrhv4-tailwindcss-3.4.3",
              "default": true
            }
          ],
          "store_path": "/nix/store/f1p0blc3mhqkc38637mxnxmckdbmrhv4-tailwindcss-3.4.3"
        },
        "x86_64-linux": {
          "outputs": [
            {
              "name": "out",
              "path": "/nix/store/i1mavdngfqy60zcfajh98lxdnnpl8nbn-tailwindcss-3.4.3",
              "default": true
            }
          ],
          "store_path": "/nix/store/i1mavdngfqy60zcfajh98lxdnnpl8nbn-tailwindcss-3.4.3"
        }
      }
    },
    "temporal-cli@latest": {
      "last_modified": "2024-05-29T10:04:41Z",
      "resolved": "github:NixOS/nixpkgs/ac82a513e55582291805d6f09d35b6d8b60637a1#temporal-cli",
      "source": "devbox-search",
      "version": "1.18.1",
      "systems": {
        "aarch64-darwin": {
          "outputs": [
            {
              "name": "out",
              "path": "/nix/store/xnv5dw4i4da79zj9albbngb5y576k7zz-temporal-cli-1.18.1",
              "default": true
            }
          ],
          "store_path": "/nix/store/xnv5dw4i4da79zj9albbngb5y576k7zz-temporal-cli-1.18.1"
        },
        "aarch64-linux": {
          "outputs": [
            {
              "name": "out",
              "path": "/nix/store/qhswqm1sprbvabsy7jzdfh63aihxgmd4-temporal-cli-1.18.1",
              "default": true
            }
          ],
          "store_path": "/nix/store/qhswqm1sprbvabsy7jzdfh63aihxgmd4-temporal-cli-1.18.1"
        },
        "x86_64-darwin": {
          "outputs": [
            {
              "name": "out",
              "path": "/nix/store/wkdwmyp26fp41nwyfrcnnhlzyw326czw-temporal-cli-1.18.1",
              "default": true
            }
          ],
          "store_path": "/nix/store/wkdwmyp26fp41nwyfrcnnhlzyw326czw-temporal-cli-1.18.1"
        },
        "x86_64-linux": {
          "outputs": [
            {
              "name": "out",
              "path": "/nix/store/mirn2wzr63kbwjsd9rx0510nma8x9kqc-temporal-cli-1.18.1",
              "default": true
            }
          ],
          "store_path": "/nix/store/mirn2wzr63kbwjsd9rx0510nma8x9kqc-temporal-cli-1.18.1"
        }
      }
    },
    "watchexec@latest": {
      "last_modified": "2024-01-27T14:55:31Z",
      "resolved": "github:NixOS/nixpkgs/160b762eda6d139ac10ae081f8f78d640dd523eb#watchexec",
      "source": "devbox-search",
      "version": "1.25.1",
      "systems": {
        "aarch64-darwin": {
          "store_path": "/nix/store/lmi497mmsgnafrrk4lkas8n7smpsmaxl-watchexec-1.25.1"
        },
        "aarch64-linux": {
          "store_path": "/nix/store/n9j2ri219dqp8hyj6km7n3rhcbnasxqp-watchexec-1.25.1"
        },
        "x86_64-darwin": {
          "store_path": "/nix/store/7ws8nlmazah2bqqhvsfyv6c3y8p5zaxb-watchexec-1.25.1"
        },
        "x86_64-linux": {
          "store_path": "/nix/store/pmji9885k2p6k45c4a36zv4xccvq0m4x-watchexec-1.25.1"
        }
      }
    }
  }
}
